
Microsoft Visual Studio Solution File, Format Version 12.00
# Visual Studio Version 17
VisualStudioVersion = 17.6.33801.468
MinimumVisualStudioVersion = 10.0.40219.1
Project("{FAE04EC0-301F-11D3-BF4B-00C04F79EFBC}") = "test_github", "test_github\test_github.csproj", "{42A9A646-3879-4EDE-A620-3A4A558350B5}"
EndProject
Global
	GlobalSection(SolutionConfigurationPlatforms) = preSolution
		Debug|Any CPU = Debug|Any CPU
		Release|Any CPU = Release|Any CPU
	EndGlobalSection
	GlobalSection(ProjectConfigurationPlatforms) = postSolution
		{42A9A646-3879-4EDE-A620-3A4A558350B5}.Debug|Any CPU.ActiveCfg = Debug|Any CPU
		{42A9A646-3879-4EDE-A620-3A4A558350B5}.Debug|Any CPU.Build.0 = Debug|Any CPU
		{42A9A646-3879-4EDE-A620-3A4A558350B5}.Release|Any CPU.ActiveCfg = Release|Any CPU
		{42A9A646-3879-4EDE-A620-3A4A558350B5}.Release|Any CPU.Build.0 = Release|Any CPU
	EndGlobalSection
	GlobalSection(SolutionProperties) = preSolution
		HideSolutionNode = FALSE
	EndGlobalSection
	GlobalSection(ExtensibilityGlobals) = postSolution
		SolutionGuid = {1712797E-3433-4F15-B035-CF7CC179A83D}
	EndGlobalSection
EndGlobal
